
Microsoft Visual Studio Solution File, Format Version 12.00
# Visual Studio Version 17
VisualStudioVersion = 17.12.35527.113
MinimumVisualStudioVersion = 10.0.40219.1
Project("{FAE04EC0-301F-11D3-BF4B-00C04F79EFBC}") = "GreetingsApp", "GreetingsApp\GreetingsApp.csproj", "{A7CBC35B-8ED7-4789-9490-15AC4BEC2D61}"
EndProject
Project("{FAE04EC0-301F-11D3-BF4B-00C04F79EFBC}") = "MathApp", "MathApp\MathApp.csproj", "{C549F64A-02EC-4734-B23F-ABAF6B0C4340}"
EndProject
Project("{FAE04EC0-301F-11D3-BF4B-00C04F79EFBC}") = "DisplayApp", "DisplayApp\DisplayApp.csproj", "{285E8F68-64F6-4F92-A7A5-78FB8A557170}"
EndProject
Project("{FAE04EC0-301F-11D3-BF4B-00C04F79EFBC}") = "UtilityApp", "UtilityApp\UtilityApp.csproj", "{B7FFC37C-C628-4D16-B2A9-C8BC1EA59B84}"
EndProject
Global
	GlobalSection(SolutionConfigurationPlatforms) = preSolution
		Debug|Any CPU = Debug|Any CPU
		Release|Any CPU = Release|Any CPU
	EndGlobalSection
	GlobalSection(ProjectConfigurationPlatforms) = postSolution
		{A7CBC35B-8ED7-4789-9490-15AC4BEC2D61}.Debug|Any CPU.ActiveCfg = Debug|Any CPU
		{A7CBC35B-8ED7-4789-9490-15AC4BEC2D61}.Debug|Any CPU.Build.0 = Debug|Any CPU
		{A7CBC35B-8ED7-4789-9490-15AC4BEC2D61}.Release|Any CPU.ActiveCfg = Release|Any CPU
		{A7CBC35B-8ED7-4789-9490-15AC4BEC2D61}.Release|Any CPU.Build.0 = Release|Any CPU
		{C549F64A-02EC-4734-B23F-ABAF6B0C4340}.Debug|Any CPU.ActiveCfg = Debug|Any CPU
		{C549F64A-02EC-4734-B23F-ABAF6B0C4340}.Debug|Any CPU.Build.0 = Debug|Any CPU
		{C549F64A-02EC-4734-B23F-ABAF6B0C4340}.Release|Any CPU.ActiveCfg = Release|Any CPU
		{C549F64A-02EC-4734-B23F-ABAF6B0C4340}.Release|Any CPU.Build.0 = Release|Any CPU
		{285E8F68-64F6-4F92-A7A5-78FB8A557170}.Debug|Any CPU.ActiveCfg = Debug|Any CPU
		{285E8F68-64F6-4F92-A7A5-78FB8A557170}.Debug|Any CPU.Build.0 = Debug|Any CPU
		{285E8F68-64F6-4F92-A7A5-78FB8A557170}.Release|Any CPU.ActiveCfg = Release|Any CPU
		{285E8F68-64F6-4F92-A7A5-78FB8A557170}.Release|Any CPU.Build.0 = Release|Any CPU
		{B7FFC37C-C628-4D16-B2A9-C8BC1EA59B84}.Debug|Any CPU.ActiveCfg = Debug|Any CPU
		{B7FFC37C-C628-4D16-B2A9-C8BC1EA59B84}.Debug|Any CPU.Build.0 = Debug|Any CPU
		{B7FFC37C-C628-4D16-B2A9-C8BC1EA59B84}.Release|Any CPU.ActiveCfg = Release|Any CPU
		{B7FFC37C-C628-4D16-B2A9-C8BC1EA59B84}.Release|Any CPU.Build.0 = Release|Any CPU
	EndGlobalSection
	GlobalSection(SolutionProperties) = preSolution
		HideSolutionNode = FALSE
	EndGlobalSection
EndGlobal
