
Microsoft Visual Studio Solution File, Format Version 12.00
# Visual Studio Version 17
VisualStudioVersion = 17.12.35527.113
MinimumVisualStudioVersion = 10.0.40219.1
Project("{FAE04EC0-301F-11D3-BF4B-00C04F79EFBC}") = "ContactManager", "ContactManager\ContactManager.csproj", "{41FE527A-D407-45E3-A73F-0AB84C0113C5}"
EndProject
Project("{2150E333-8FDC-42A3-9474-1A3956D46DE8}") = ".github", ".github", "{5A2BE493-BC61-4166-942A-2F13F7366041}"
	ProjectSection(SolutionItems) = preProject
		pull_request_template.md = pull_request_template.md
	EndProjectSection
EndProject
Project("{FAE04EC0-301F-11D3-BF4B-00C04F79EFBC}") = "OOPs", "OOPs\OOPs.csproj", "{22D2F965-A5A4-472D-8035-9D8FF3FB642E}"
EndProject
Project("{2150E333-8FDC-42A3-9474-1A3956D46DE8}") = "InventoryManagerTest", "InventoryManagerTest", "{D93F90EB-1005-4FEF-A1F8-D1FF98354862}"
EndProject
Project("{FAE04EC0-301F-11D3-BF4B-00C04F79EFBC}") = "InventoryManagerTests", "InventoryTests\InventoryManagerTests.csproj", "{F1B30D52-F551-448F-96D8-6336819DD92C}"
EndProject
Project("{FAE04EC0-301F-11D3-BF4B-00C04F79EFBC}") = "InventoryManager", "..\..\..\Downloads\Assignments-assignment3\Assignments-assignment3\InventoryManager\InventoryManager.csproj", "{D444D301-0B5A-4265-A2D6-3D9A2AB20E50}"
EndProject
Global
	GlobalSection(SolutionConfigurationPlatforms) = preSolution
		Debug|Any CPU = Debug|Any CPU
		Release|Any CPU = Release|Any CPU
	EndGlobalSection
	GlobalSection(ProjectConfigurationPlatforms) = postSolution
		{41FE527A-D407-45E3-A73F-0AB84C0113C5}.Debug|Any CPU.ActiveCfg = Debug|Any CPU
		{41FE527A-D407-45E3-A73F-0AB84C0113C5}.Debug|Any CPU.Build.0 = Debug|Any CPU
		{41FE527A-D407-45E3-A73F-0AB84C0113C5}.Release|Any CPU.ActiveCfg = Release|Any CPU
		{41FE527A-D407-45E3-A73F-0AB84C0113C5}.Release|Any CPU.Build.0 = Release|Any CPU
		{22D2F965-A5A4-472D-8035-9D8FF3FB642E}.Debug|Any CPU.ActiveCfg = Debug|Any CPU
		{22D2F965-A5A4-472D-8035-9D8FF3FB642E}.Debug|Any CPU.Build.0 = Debug|Any CPU
		{22D2F965-A5A4-472D-8035-9D8FF3FB642E}.Release|Any CPU.ActiveCfg = Release|Any CPU
		{22D2F965-A5A4-472D-8035-9D8FF3FB642E}.Release|Any CPU.Build.0 = Release|Any CPU
		{F1B30D52-F551-448F-96D8-6336819DD92C}.Debug|Any CPU.ActiveCfg = Debug|Any CPU
		{F1B30D52-F551-448F-96D8-6336819DD92C}.Debug|Any CPU.Build.0 = Debug|Any CPU
		{F1B30D52-F551-448F-96D8-6336819DD92C}.Release|Any CPU.ActiveCfg = Release|Any CPU
		{F1B30D52-F551-448F-96D8-6336819DD92C}.Release|Any CPU.Build.0 = Release|Any CPU
		{D444D301-0B5A-4265-A2D6-3D9A2AB20E50}.Debug|Any CPU.ActiveCfg = Debug|Any CPU
		{D444D301-0B5A-4265-A2D6-3D9A2AB20E50}.Debug|Any CPU.Build.0 = Debug|Any CPU
		{D444D301-0B5A-4265-A2D6-3D9A2AB20E50}.Release|Any CPU.ActiveCfg = Release|Any CPU
		{D444D301-0B5A-4265-A2D6-3D9A2AB20E50}.Release|Any CPU.Build.0 = Release|Any CPU
	EndGlobalSection
	GlobalSection(SolutionProperties) = preSolution
		HideSolutionNode = FALSE
	EndGlobalSection
	GlobalSection(NestedProjects) = preSolution
		{F1B30D52-F551-448F-96D8-6336819DD92C} = {D93F90EB-1005-4FEF-A1F8-D1FF98354862}
		{D444D301-0B5A-4265-A2D6-3D9A2AB20E50} = {D93F90EB-1005-4FEF-A1F8-D1FF98354862}
	EndGlobalSection
EndGlobal
