
Microsoft Visual Studio Solution File, Format Version 12.00
# Visual Studio Version 17
VisualStudioVersion = 17.12.35527.113
MinimumVisualStudioVersion = 10.0.40219.1
Project("{FAE04EC0-301F-11D3-BF4B-00C04F79EFBC}") = "ContactManager", "ContactManager\ContactManager.csproj", "{41FE527A-D407-45E3-A73F-0AB84C0113C5}"
EndProject
Project("{2150E333-8FDC-42A3-9474-1A3956D46DE8}") = ".github", ".github", "{5A2BE493-BC61-4166-942A-2F13F7366041}"
	ProjectSection(SolutionItems) = preProject
		pull_request_template.md = pull_request_template.md
	EndProjectSection
EndProject
Project("{FAE04EC0-301F-11D3-BF4B-00C04F79EFBC}") = "OOPs", "OOPs\OOPs.csproj", "{22D2F965-A5A4-472D-8035-9D8FF3FB642E}"
EndProject
Project("{FAE04EC0-301F-11D3-BF4B-00C04F79EFBC}") = "InventoryManager", "InventoryManager\InventoryManager.csproj", "{AA0CBB29-66CF-4FDA-9D3E-3C368B8D4CB2}"
EndProject
Project("{FAE04EC0-301F-11D3-BF4B-00C04F79EFBC}") = "ExpenseTracker", "ExpenseTracker\ExpenseTracker.csproj", "{BA206D79-35E3-4E75-97E5-DAE8E684EF36}"
EndProject
Project("{FAE04EC0-301F-11D3-BF4B-00C04F79EFBC}") = "ErrorHandling", "ErrorHandling\ErrorHandling.csproj", "{68335F62-E293-437F-9CC0-24E344C7C9A7}"
EndProject
Project("{FAE04EC0-301F-11D3-BF4B-00C04F79EFBC}") = "Linq", "Linq\Linq.csproj", "{8DFEFE8C-2590-4AB9-B38F-FC8F78C43F79}"
EndProject
Project("{FAE04EC0-301F-11D3-BF4B-00C04F79EFBC}") = "CollectionAndGeneric", "CollectionAndGeneric\CollectionAndGeneric.csproj", "{1CE9A2E7-3AA6-4ED1-BCD9-0DD723B24453}"
EndProject
Project("{2150E333-8FDC-42A3-9474-1A3956D46DE8}") = "Assignment16", "Assignment16", "{0B546684-FF2B-4D18-AFBB-6867696DAA7D}"
EndProject
Project("{FAE04EC0-301F-11D3-BF4B-00C04F79EFBC}") = "Task1", "Task1\Task1.csproj", "{3A629FF1-31E5-4480-BC26-756699123A3C}"
EndProject
Project("{FAE04EC0-301F-11D3-BF4B-00C04F79EFBC}") = "Task2", "Task2\Task2.csproj", "{4539B578-37D1-4792-A7DB-66C8B728B9E4}"
EndProject
Project("{FAE04EC0-301F-11D3-BF4B-00C04F79EFBC}") = "Task3", "Task3\Task3.csproj", "{E8AFC271-5792-45C5-A1CA-3F86AD8EFCF2}"
EndProject
Project("{FAE04EC0-301F-11D3-BF4B-00C04F79EFBC}") = "Task4", "Task4\Task4.csproj", "{EDC73580-31BF-466B-8B2C-982F6D6CA095}"
EndProject
Global
	GlobalSection(SolutionConfigurationPlatforms) = preSolution
		Debug|Any CPU = Debug|Any CPU
		Release|Any CPU = Release|Any CPU
	EndGlobalSection
	GlobalSection(ProjectConfigurationPlatforms) = postSolution
		{41FE527A-D407-45E3-A73F-0AB84C0113C5}.Debug|Any CPU.ActiveCfg = Debug|Any CPU
		{41FE527A-D407-45E3-A73F-0AB84C0113C5}.Debug|Any CPU.Build.0 = Debug|Any CPU
		{41FE527A-D407-45E3-A73F-0AB84C0113C5}.Release|Any CPU.ActiveCfg = Release|Any CPU
		{41FE527A-D407-45E3-A73F-0AB84C0113C5}.Release|Any CPU.Build.0 = Release|Any CPU
		{22D2F965-A5A4-472D-8035-9D8FF3FB642E}.Debug|Any CPU.ActiveCfg = Debug|Any CPU
		{22D2F965-A5A4-472D-8035-9D8FF3FB642E}.Debug|Any CPU.Build.0 = Debug|Any CPU
		{22D2F965-A5A4-472D-8035-9D8FF3FB642E}.Release|Any CPU.ActiveCfg = Release|Any CPU
		{22D2F965-A5A4-472D-8035-9D8FF3FB642E}.Release|Any CPU.Build.0 = Release|Any CPU
		{AA0CBB29-66CF-4FDA-9D3E-3C368B8D4CB2}.Debug|Any CPU.ActiveCfg = Debug|Any CPU
		{AA0CBB29-66CF-4FDA-9D3E-3C368B8D4CB2}.Debug|Any CPU.Build.0 = Debug|Any CPU
		{AA0CBB29-66CF-4FDA-9D3E-3C368B8D4CB2}.Release|Any CPU.ActiveCfg = Release|Any CPU
		{AA0CBB29-66CF-4FDA-9D3E-3C368B8D4CB2}.Release|Any CPU.Build.0 = Release|Any CPU
		{BA206D79-35E3-4E75-97E5-DAE8E684EF36}.Debug|Any CPU.ActiveCfg = Debug|Any CPU
		{BA206D79-35E3-4E75-97E5-DAE8E684EF36}.Debug|Any CPU.Build.0 = Debug|Any CPU
		{BA206D79-35E3-4E75-97E5-DAE8E684EF36}.Release|Any CPU.ActiveCfg = Release|Any CPU
		{BA206D79-35E3-4E75-97E5-DAE8E684EF36}.Release|Any CPU.Build.0 = Release|Any CPU
		{68335F62-E293-437F-9CC0-24E344C7C9A7}.Debug|Any CPU.ActiveCfg = Debug|Any CPU
		{68335F62-E293-437F-9CC0-24E344C7C9A7}.Debug|Any CPU.Build.0 = Debug|Any CPU
		{68335F62-E293-437F-9CC0-24E344C7C9A7}.Release|Any CPU.ActiveCfg = Release|Any CPU
		{68335F62-E293-437F-9CC0-24E344C7C9A7}.Release|Any CPU.Build.0 = Release|Any CPU
		{8DFEFE8C-2590-4AB9-B38F-FC8F78C43F79}.Debug|Any CPU.ActiveCfg = Debug|Any CPU
		{8DFEFE8C-2590-4AB9-B38F-FC8F78C43F79}.Debug|Any CPU.Build.0 = Debug|Any CPU
		{8DFEFE8C-2590-4AB9-B38F-FC8F78C43F79}.Release|Any CPU.ActiveCfg = Release|Any CPU
		{8DFEFE8C-2590-4AB9-B38F-FC8F78C43F79}.Release|Any CPU.Build.0 = Release|Any CPU
		{1CE9A2E7-3AA6-4ED1-BCD9-0DD723B24453}.Debug|Any CPU.ActiveCfg = Debug|Any CPU
		{1CE9A2E7-3AA6-4ED1-BCD9-0DD723B24453}.Debug|Any CPU.Build.0 = Debug|Any CPU
		{1CE9A2E7-3AA6-4ED1-BCD9-0DD723B24453}.Release|Any CPU.ActiveCfg = Release|Any CPU
		{1CE9A2E7-3AA6-4ED1-BCD9-0DD723B24453}.Release|Any CPU.Build.0 = Release|Any CPU
		{3A629FF1-31E5-4480-BC26-756699123A3C}.Debug|Any CPU.ActiveCfg = Debug|Any CPU
		{3A629FF1-31E5-4480-BC26-756699123A3C}.Debug|Any CPU.Build.0 = Debug|Any CPU
		{3A629FF1-31E5-4480-BC26-756699123A3C}.Release|Any CPU.ActiveCfg = Release|Any CPU
		{3A629FF1-31E5-4480-BC26-756699123A3C}.Release|Any CPU.Build.0 = Release|Any CPU
		{4539B578-37D1-4792-A7DB-66C8B728B9E4}.Debug|Any CPU.ActiveCfg = Debug|Any CPU
		{4539B578-37D1-4792-A7DB-66C8B728B9E4}.Debug|Any CPU.Build.0 = Debug|Any CPU
		{4539B578-37D1-4792-A7DB-66C8B728B9E4}.Release|Any CPU.ActiveCfg = Release|Any CPU
		{4539B578-37D1-4792-A7DB-66C8B728B9E4}.Release|Any CPU.Build.0 = Release|Any CPU
		{E8AFC271-5792-45C5-A1CA-3F86AD8EFCF2}.Debug|Any CPU.ActiveCfg = Debug|Any CPU
		{E8AFC271-5792-45C5-A1CA-3F86AD8EFCF2}.Debug|Any CPU.Build.0 = Debug|Any CPU
		{E8AFC271-5792-45C5-A1CA-3F86AD8EFCF2}.Release|Any CPU.ActiveCfg = Release|Any CPU
		{E8AFC271-5792-45C5-A1CA-3F86AD8EFCF2}.Release|Any CPU.Build.0 = Release|Any CPU
		{EDC73580-31BF-466B-8B2C-982F6D6CA095}.Debug|Any CPU.ActiveCfg = Debug|Any CPU
		{EDC73580-31BF-466B-8B2C-982F6D6CA095}.Debug|Any CPU.Build.0 = Debug|Any CPU
		{EDC73580-31BF-466B-8B2C-982F6D6CA095}.Release|Any CPU.ActiveCfg = Release|Any CPU
		{EDC73580-31BF-466B-8B2C-982F6D6CA095}.Release|Any CPU.Build.0 = Release|Any CPU
	EndGlobalSection
	GlobalSection(SolutionProperties) = preSolution
		HideSolutionNode = FALSE
	EndGlobalSection
	GlobalSection(NestedProjects) = preSolution
		{3A629FF1-31E5-4480-BC26-756699123A3C} = {0B546684-FF2B-4D18-AFBB-6867696DAA7D}
		{4539B578-37D1-4792-A7DB-66C8B728B9E4} = {0B546684-FF2B-4D18-AFBB-6867696DAA7D}
		{E8AFC271-5792-45C5-A1CA-3F86AD8EFCF2} = {0B546684-FF2B-4D18-AFBB-6867696DAA7D}
		{EDC73580-31BF-466B-8B2C-982F6D6CA095} = {0B546684-FF2B-4D18-AFBB-6867696DAA7D}
	EndGlobalSection
EndGlobal
