
Microsoft Visual Studio Solution File, Format Version 12.00
# Visual Studio Version 17
VisualStudioVersion = 17.12.35527.113
MinimumVisualStudioVersion = 10.0.40219.1
Project("{FAE04EC0-301F-11D3-BF4B-00C04F79EFBC}") = "ContactManager", "ContactManager\ContactManager.csproj", "{41FE527A-D407-45E3-A73F-0AB84C0113C5}"
EndProject
Project("{2150E333-8FDC-42A3-9474-1A3956D46DE8}") = ".github", ".github", "{5A2BE493-BC61-4166-942A-2F13F7366041}"
	ProjectSection(SolutionItems) = preProject
		pull_request_template.md = pull_request_template.md
	EndProjectSection
EndProject
Project("{FAE04EC0-301F-11D3-BF4B-00C04F79EFBC}") = "OOPs", "OOPs\OOPs.csproj", "{22D2F965-A5A4-472D-8035-9D8FF3FB642E}"
EndProject
Project("{FAE04EC0-301F-11D3-BF4B-00C04F79EFBC}") = "InventoryManager", "InventoryManager\InventoryManager.csproj", "{AA0CBB29-66CF-4FDA-9D3E-3C368B8D4CB2}"
EndProject
Project("{FAE04EC0-301F-11D3-BF4B-00C04F79EFBC}") = "ExpenseTracker", "ExpenseTracker\ExpenseTracker.csproj", "{BA206D79-35E3-4E75-97E5-DAE8E684EF36}"
EndProject
Project("{FAE04EC0-301F-11D3-BF4B-00C04F79EFBC}") = "ErrorHandling", "ErrorHandling\ErrorHandling.csproj", "{68335F62-E293-437F-9CC0-24E344C7C9A7}"
EndProject
Project("{FAE04EC0-301F-11D3-BF4B-00C04F79EFBC}") = "Linq", "Linq\Linq.csproj", "{8DFEFE8C-2590-4AB9-B38F-FC8F78C43F79}"
EndProject
Project("{FAE04EC0-301F-11D3-BF4B-00C04F79EFBC}") = "CollectionAndGeneric", "CollectionAndGeneric\CollectionAndGeneric.csproj", "{1CE9A2E7-3AA6-4ED1-BCD9-0DD723B24453}"
EndProject
Project("{2150E333-8FDC-42A3-9474-1A3956D46DE8}") = "AdvancedConcepts", "AdvancedConcepts", "{0B546684-FF2B-4D18-AFBB-6867696DAA7D}"
	ProjectSection(SolutionItems) = preProject
		AdvancedConcepts\README.md = AdvancedConcepts\README.md
	EndProjectSection
EndProject
Project("{FAE04EC0-301F-11D3-BF4B-00C04F79EFBC}") = "Task1", "AdvancedConcepts\Task1\Task1.csproj", "{D2D81DCE-A1E6-4A7C-A17E-7F1A73289F9B}"
EndProject
Project("{FAE04EC0-301F-11D3-BF4B-00C04F79EFBC}") = "Task2", "AdvancedConcepts\Task2\Task2.csproj", "{8DB5695B-B99A-49C2-93D3-B635D9C391D4}"
EndProject
Project("{FAE04EC0-301F-11D3-BF4B-00C04F79EFBC}") = "Task3", "AdvancedConcepts\Task3\Task3.csproj", "{5A04A379-E2E3-4BB8-8FA3-4FEDD1EBFA43}"
EndProject
Project("{FAE04EC0-301F-11D3-BF4B-00C04F79EFBC}") = "Task4", "AdvancedConcepts\Task4\Task4.csproj", "{0AA31F65-D8C2-4BD5-B37C-3AA0B4D83077}"
EndProject
Project("{FAE04EC0-301F-11D3-BF4B-00C04F79EFBC}") = "Task5", "AdvancedConcepts\Task5\Task5.csproj", "{8A128A24-F887-417E-88E8-127B13581120}"
EndProject
Project("{FAE04EC0-301F-11D3-BF4B-00C04F79EFBC}") = "Task6", "AdvancedConcepts\Task6\Task6.csproj", "{2917615D-5B04-4054-9552-2C2963F1A657}"
EndProject
Project("{FAE04EC0-301F-11D3-BF4B-00C04F79EFBC}") = "Task7", "AdvancedConcepts\Task7\Task7.csproj", "{C5D314F3-C276-45CA-A15D-B7B74183A897}"
EndProject
Global
	GlobalSection(SolutionConfigurationPlatforms) = preSolution
		Debug|Any CPU = Debug|Any CPU
		Release|Any CPU = Release|Any CPU
	EndGlobalSection
	GlobalSection(ProjectConfigurationPlatforms) = postSolution
		{41FE527A-D407-45E3-A73F-0AB84C0113C5}.Debug|Any CPU.ActiveCfg = Debug|Any CPU
		{41FE527A-D407-45E3-A73F-0AB84C0113C5}.Debug|Any CPU.Build.0 = Debug|Any CPU
		{41FE527A-D407-45E3-A73F-0AB84C0113C5}.Release|Any CPU.ActiveCfg = Release|Any CPU
		{41FE527A-D407-45E3-A73F-0AB84C0113C5}.Release|Any CPU.Build.0 = Release|Any CPU
		{22D2F965-A5A4-472D-8035-9D8FF3FB642E}.Debug|Any CPU.ActiveCfg = Debug|Any CPU
		{22D2F965-A5A4-472D-8035-9D8FF3FB642E}.Debug|Any CPU.Build.0 = Debug|Any CPU
		{22D2F965-A5A4-472D-8035-9D8FF3FB642E}.Release|Any CPU.ActiveCfg = Release|Any CPU
		{22D2F965-A5A4-472D-8035-9D8FF3FB642E}.Release|Any CPU.Build.0 = Release|Any CPU
		{AA0CBB29-66CF-4FDA-9D3E-3C368B8D4CB2}.Debug|Any CPU.ActiveCfg = Debug|Any CPU
		{AA0CBB29-66CF-4FDA-9D3E-3C368B8D4CB2}.Debug|Any CPU.Build.0 = Debug|Any CPU
		{AA0CBB29-66CF-4FDA-9D3E-3C368B8D4CB2}.Release|Any CPU.ActiveCfg = Release|Any CPU
		{AA0CBB29-66CF-4FDA-9D3E-3C368B8D4CB2}.Release|Any CPU.Build.0 = Release|Any CPU
		{BA206D79-35E3-4E75-97E5-DAE8E684EF36}.Debug|Any CPU.ActiveCfg = Debug|Any CPU
		{BA206D79-35E3-4E75-97E5-DAE8E684EF36}.Debug|Any CPU.Build.0 = Debug|Any CPU
		{BA206D79-35E3-4E75-97E5-DAE8E684EF36}.Release|Any CPU.ActiveCfg = Release|Any CPU
		{BA206D79-35E3-4E75-97E5-DAE8E684EF36}.Release|Any CPU.Build.0 = Release|Any CPU
		{68335F62-E293-437F-9CC0-24E344C7C9A7}.Debug|Any CPU.ActiveCfg = Debug|Any CPU
		{68335F62-E293-437F-9CC0-24E344C7C9A7}.Debug|Any CPU.Build.0 = Debug|Any CPU
		{68335F62-E293-437F-9CC0-24E344C7C9A7}.Release|Any CPU.ActiveCfg = Release|Any CPU
		{68335F62-E293-437F-9CC0-24E344C7C9A7}.Release|Any CPU.Build.0 = Release|Any CPU
		{8DFEFE8C-2590-4AB9-B38F-FC8F78C43F79}.Debug|Any CPU.ActiveCfg = Debug|Any CPU
		{8DFEFE8C-2590-4AB9-B38F-FC8F78C43F79}.Debug|Any CPU.Build.0 = Debug|Any CPU
		{8DFEFE8C-2590-4AB9-B38F-FC8F78C43F79}.Release|Any CPU.ActiveCfg = Release|Any CPU
		{8DFEFE8C-2590-4AB9-B38F-FC8F78C43F79}.Release|Any CPU.Build.0 = Release|Any CPU
		{1CE9A2E7-3AA6-4ED1-BCD9-0DD723B24453}.Debug|Any CPU.ActiveCfg = Debug|Any CPU
		{1CE9A2E7-3AA6-4ED1-BCD9-0DD723B24453}.Debug|Any CPU.Build.0 = Debug|Any CPU
		{1CE9A2E7-3AA6-4ED1-BCD9-0DD723B24453}.Release|Any CPU.ActiveCfg = Release|Any CPU
		{1CE9A2E7-3AA6-4ED1-BCD9-0DD723B24453}.Release|Any CPU.Build.0 = Release|Any CPU
		{D2D81DCE-A1E6-4A7C-A17E-7F1A73289F9B}.Debug|Any CPU.ActiveCfg = Debug|Any CPU
		{D2D81DCE-A1E6-4A7C-A17E-7F1A73289F9B}.Debug|Any CPU.Build.0 = Debug|Any CPU
		{D2D81DCE-A1E6-4A7C-A17E-7F1A73289F9B}.Release|Any CPU.ActiveCfg = Release|Any CPU
		{D2D81DCE-A1E6-4A7C-A17E-7F1A73289F9B}.Release|Any CPU.Build.0 = Release|Any CPU
		{8DB5695B-B99A-49C2-93D3-B635D9C391D4}.Debug|Any CPU.ActiveCfg = Debug|Any CPU
		{8DB5695B-B99A-49C2-93D3-B635D9C391D4}.Debug|Any CPU.Build.0 = Debug|Any CPU
		{8DB5695B-B99A-49C2-93D3-B635D9C391D4}.Release|Any CPU.ActiveCfg = Release|Any CPU
		{8DB5695B-B99A-49C2-93D3-B635D9C391D4}.Release|Any CPU.Build.0 = Release|Any CPU
		{5A04A379-E2E3-4BB8-8FA3-4FEDD1EBFA43}.Debug|Any CPU.ActiveCfg = Debug|Any CPU
		{5A04A379-E2E3-4BB8-8FA3-4FEDD1EBFA43}.Debug|Any CPU.Build.0 = Debug|Any CPU
		{5A04A379-E2E3-4BB8-8FA3-4FEDD1EBFA43}.Release|Any CPU.ActiveCfg = Release|Any CPU
		{5A04A379-E2E3-4BB8-8FA3-4FEDD1EBFA43}.Release|Any CPU.Build.0 = Release|Any CPU
		{0AA31F65-D8C2-4BD5-B37C-3AA0B4D83077}.Debug|Any CPU.ActiveCfg = Debug|Any CPU
		{0AA31F65-D8C2-4BD5-B37C-3AA0B4D83077}.Debug|Any CPU.Build.0 = Debug|Any CPU
		{0AA31F65-D8C2-4BD5-B37C-3AA0B4D83077}.Release|Any CPU.ActiveCfg = Release|Any CPU
		{0AA31F65-D8C2-4BD5-B37C-3AA0B4D83077}.Release|Any CPU.Build.0 = Release|Any CPU
		{8A128A24-F887-417E-88E8-127B13581120}.Debug|Any CPU.ActiveCfg = Debug|Any CPU
		{8A128A24-F887-417E-88E8-127B13581120}.Debug|Any CPU.Build.0 = Debug|Any CPU
		{8A128A24-F887-417E-88E8-127B13581120}.Release|Any CPU.ActiveCfg = Release|Any CPU
		{8A128A24-F887-417E-88E8-127B13581120}.Release|Any CPU.Build.0 = Release|Any CPU
		{2917615D-5B04-4054-9552-2C2963F1A657}.Debug|Any CPU.ActiveCfg = Debug|Any CPU
		{2917615D-5B04-4054-9552-2C2963F1A657}.Debug|Any CPU.Build.0 = Debug|Any CPU
		{2917615D-5B04-4054-9552-2C2963F1A657}.Release|Any CPU.ActiveCfg = Release|Any CPU
		{2917615D-5B04-4054-9552-2C2963F1A657}.Release|Any CPU.Build.0 = Release|Any CPU
		{C5D314F3-C276-45CA-A15D-B7B74183A897}.Debug|Any CPU.ActiveCfg = Debug|Any CPU
		{C5D314F3-C276-45CA-A15D-B7B74183A897}.Debug|Any CPU.Build.0 = Debug|Any CPU
		{C5D314F3-C276-45CA-A15D-B7B74183A897}.Release|Any CPU.ActiveCfg = Release|Any CPU
		{C5D314F3-C276-45CA-A15D-B7B74183A897}.Release|Any CPU.Build.0 = Release|Any CPU
	EndGlobalSection
	GlobalSection(SolutionProperties) = preSolution
		HideSolutionNode = FALSE
	EndGlobalSection
	GlobalSection(NestedProjects) = preSolution
		{D2D81DCE-A1E6-4A7C-A17E-7F1A73289F9B} = {0B546684-FF2B-4D18-AFBB-6867696DAA7D}
		{8DB5695B-B99A-49C2-93D3-B635D9C391D4} = {0B546684-FF2B-4D18-AFBB-6867696DAA7D}
		{5A04A379-E2E3-4BB8-8FA3-4FEDD1EBFA43} = {0B546684-FF2B-4D18-AFBB-6867696DAA7D}
		{0AA31F65-D8C2-4BD5-B37C-3AA0B4D83077} = {0B546684-FF2B-4D18-AFBB-6867696DAA7D}
		{8A128A24-F887-417E-88E8-127B13581120} = {0B546684-FF2B-4D18-AFBB-6867696DAA7D}
		{2917615D-5B04-4054-9552-2C2963F1A657} = {0B546684-FF2B-4D18-AFBB-6867696DAA7D}
		{C5D314F3-C276-45CA-A15D-B7B74183A897} = {0B546684-FF2B-4D18-AFBB-6867696DAA7D}
	EndGlobalSection
EndGlobal
